
Microsoft Visual Studio Solution File, Format Version 12.00
# Visual Studio Version 17
VisualStudioVersion = 17.11.35208.52
MinimumVisualStudioVersion = 10.0.40219.1
Project("{FAE04EC0-301F-11D3-BF4B-00C04F79EFBC}") = "WebApplication1", "WebApplication1\WebApplication1.csproj", "{26A6BF85-E5B0-4BF9-AF23-DFB6DFF8876E}"
EndProject
Global
	GlobalSection(SolutionConfigurationPlatforms) = preSolution
		Debug|Any CPU = Debug|Any CPU
		Release|Any CPU = Release|Any CPU
	EndGlobalSection
	GlobalSection(ProjectConfigurationPlatforms) = postSolution
		{26A6BF85-E5B0-4BF9-AF23-DFB6DFF8876E}.Debug|Any CPU.ActiveCfg = Debug|Any CPU
		{26A6BF85-E5B0-4BF9-AF23-DFB6DFF8876E}.Debug|Any CPU.Build.0 = Debug|Any CPU
		{26A6BF85-E5B0-4BF9-AF23-DFB6DFF8876E}.Release|Any CPU.ActiveCfg = Release|Any CPU
		{26A6BF85-E5B0-4BF9-AF23-DFB6DFF8876E}.Release|Any CPU.Build.0 = Release|Any CPU
	EndGlobalSection
	GlobalSection(SolutionProperties) = preSolution
		HideSolutionNode = FALSE
	EndGlobalSection
	GlobalSection(ExtensibilityGlobals) = postSolution
		SolutionGuid = {C1FFB138-B791-4AC2-967D-516C9E6DF146}
	EndGlobalSection
EndGlobal
